
Microsoft Visual Studio Solution File, Format Version 12.00
# Visual Studio Version 17
VisualStudioVersion = 17.13.35931.197
MinimumVisualStudioVersion = 10.0.40219.1
Project("{FAE04EC0-301F-11D3-BF4B-00C04F79EFBC}") = "Trainacc", "WebApplication2\Trainacc.csproj", "{8DF65AB5-6C7D-45D9-8C1A-F9F3456475C4}"
EndProject
Project("{E53339B2-1760-4266-BCC7-CA923CBCF16C}") = "docker-compose", "docker-compose.dcproj", "{81DDED9D-158B-E303-5F62-77A2896D2A5A}"
EndProject
Global
	GlobalSection(SolutionConfigurationPlatforms) = preSolution
		Debug|Any CPU = Debug|Any CPU
		Release|Any CPU = Release|Any CPU
	EndGlobalSection
	GlobalSection(ProjectConfigurationPlatforms) = postSolution
		{8DF65AB5-6C7D-45D9-8C1A-F9F3456475C4}.Debug|Any CPU.ActiveCfg = Debug|Any CPU
		{8DF65AB5-6C7D-45D9-8C1A-F9F3456475C4}.Debug|Any CPU.Build.0 = Debug|Any CPU
		{8DF65AB5-6C7D-45D9-8C1A-F9F3456475C4}.Release|Any CPU.ActiveCfg = Release|Any CPU
		{8DF65AB5-6C7D-45D9-8C1A-F9F3456475C4}.Release|Any CPU.Build.0 = Release|Any CPU
		{81DDED9D-158B-E303-5F62-77A2896D2A5A}.Debug|Any CPU.ActiveCfg = Debug|Any CPU
		{81DDED9D-158B-E303-5F62-77A2896D2A5A}.Debug|Any CPU.Build.0 = Debug|Any CPU
		{81DDED9D-158B-E303-5F62-77A2896D2A5A}.Release|Any CPU.ActiveCfg = Release|Any CPU
		{81DDED9D-158B-E303-5F62-77A2896D2A5A}.Release|Any CPU.Build.0 = Release|Any CPU
	EndGlobalSection
	GlobalSection(SolutionProperties) = preSolution
		HideSolutionNode = FALSE
	EndGlobalSection
	GlobalSection(ExtensibilityGlobals) = postSolution
		SolutionGuid = {0FC4484C-4C43-4383-AC5A-FF452A155D25}
	EndGlobalSection
EndGlobal
